{
  "pins" : [
    {
      "identity" : "alamofire",
      "kind" : "remoteSourceControl",
      "location" : "https://github.com/Alamofire/Alamofire",
      "state" : {
        "revision" : "d120af1e8638c7da36c8481fd61a66c0c08dc4fc",
        "version" : "5.4.4"
      }
    },
    {
      "identity" : "asn1decoder",
      "kind" : "remoteSourceControl",
      "location" : "https://github.com/filom/ASN1Decoder",
      "state" : {
        "revision" : "65953a42a0f039f53c73e48fd88c02809f7db607",
        "version" : "1.8.0"
      }
    },
    {
      "identity" : "dgca-app-core-ios",
      "kind" : "remoteSourceControl",
      "location" : "https://github.com/eu-digital-green-certificates/dgca-app-core-ios",
      "state" : {
        "revision" : "78f9a7fb0e63c0e0bb9d9b0dfed359babcc25960"
      }
    },
    {
      "identity" : "jsonschema.swift",
      "kind" : "remoteSourceControl",
      "location" : "https://github.com/eu-digital-green-certificates/JSONSchema.swift",
      "state" : {
        "branch" : "master",
        "revision" : "addef0a5c7ed181d877f1fdfde1e3fc1c6c28cfe"
      }
    },
    {
      "identity" : "pathkit",
      "kind" : "remoteSourceControl",
      "location" : "https://github.com/kylef/PathKit.git",
      "state" : {
        "revision" : "3bfd2737b700b9a36565a8c94f4ad2b050a5e574",
        "version" : "1.0.1"
      }
    },
    {
      "identity" : "realm-core",
      "kind" : "remoteSourceControl",
      "location" : "https://github.com/realm/realm-core",
      "state" : {
        "revision" : "c3c11a841642ac93c27bd1edd61f989fc0bfb809",
        "version" : "11.6.1"
      }
    },
    {
      "identity" : "realm-swift",
      "kind" : "remoteSourceControl",
      "location" : "https://github.com/realm/realm-swift.git",
      "state" : {
        "revision" : "e83cc9f28e8bccd477b6b81cee521c02239d2773",
        "version" : "10.20.2"
      }
    },
    {
      "identity" : "spectre",
      "kind" : "remoteSourceControl",
      "location" : "https://github.com/kylef/Spectre.git",
      "state" : {
        "revision" : "d02129a9af77729de049d328dd61e530b6f2bb2b"
      }
    },
    {
      "identity" : "swiftcbor",
      "kind" : "remoteSourceControl",
      "location" : "https://github.com/eu-digital-green-certificates/SwiftCBOR",
      "state" : {
        "branch" : "master",
        "revision" : "0209a2d1a30b1b42334c4ad3f8bd221b977b2273"
      }
    },
    {
      "identity" : "swiftyjson",
      "kind" : "remoteSourceControl",
      "location" : "https://github.com/SwiftyJSON/SwiftyJSON.git",
      "state" : {
        "revision" : "b3dcd7dbd0d488e1a7077cb33b00f2083e382f07",
        "version" : "5.0.1"
      }
    }
  ],
  "version" : 2
}
